
Microsoft Visual Studio Solution File, Format Version 11.00
# Visual Studio 2010
Project("{FAE04EC0-301F-11D3-BF4B-00C04F79EFBC}") = "Application", "Src\Application\Application.csproj", "{40404835-6DD7-45EA-B308-026083BF0E9F}"
EndProject
Project("{2150E333-8FDC-42A3-9474-1A3956D46DE8}") = "Src", "Src", "{4151C119-F320-4587-BD07-92B39674001D}"
EndProject
Project("{2150E333-8FDC-42A3-9474-1A3956D46DE8}") = "Test", "Test", "{76D9440F-AE38-4E07-BC7C-FCF6C7A715E1}"
EndProject
Project("{FAE04EC0-301F-11D3-BF4B-00C04F79EFBC}") = "Base", "Src\Base\Base.csproj", "{90433045-C7A0-4163-8B05-6989FDAEE95E}"
EndProject
Project("{FAE04EC0-301F-11D3-BF4B-00C04F79EFBC}") = "Base.Tests", "Test\Base.Tests\Base.Tests.csproj", "{BBCA38EE-D7C3-4EB2-BF38-03F070B67481}"
EndProject
Project("{FAE04EC0-301F-11D3-BF4B-00C04F79EFBC}") = "Controls", "Src\Controls\Controls.csproj", "{34649D7D-04A9-4092-AD0B-F7022C123FD7}"
EndProject
Global	
	GlobalSection(SolutionConfigurationPlatforms) = preSolution
		Debug|Any CPU = Debug|Any CPU
		Debug|Mixed Platforms = Debug|Mixed Platforms
		Debug|x86 = Debug|x86
		Release|Any CPU = Release|Any CPU
		Release|Mixed Platforms = Release|Mixed Platforms
		Release|x86 = Release|x86
	EndGlobalSection
	GlobalSection(ProjectConfigurationPlatforms) = postSolution
		{40404835-6DD7-45EA-B308-026083BF0E9F}.Debug|Any CPU.ActiveCfg = Debug|x86
		{40404835-6DD7-45EA-B308-026083BF0E9F}.Debug|Mixed Platforms.ActiveCfg = Debug|x86
		{40404835-6DD7-45EA-B308-026083BF0E9F}.Debug|Mixed Platforms.Build.0 = Debug|x86
		{40404835-6DD7-45EA-B308-026083BF0E9F}.Debug|x86.ActiveCfg = Debug|x86
		{40404835-6DD7-45EA-B308-026083BF0E9F}.Debug|x86.Build.0 = Debug|x86
		{40404835-6DD7-45EA-B308-026083BF0E9F}.Release|Any CPU.ActiveCfg = Release|x86
		{40404835-6DD7-45EA-B308-026083BF0E9F}.Release|Mixed Platforms.ActiveCfg = Release|x86
		{40404835-6DD7-45EA-B308-026083BF0E9F}.Release|Mixed Platforms.Build.0 = Release|x86
		{40404835-6DD7-45EA-B308-026083BF0E9F}.Release|x86.ActiveCfg = Release|x86
		{40404835-6DD7-45EA-B308-026083BF0E9F}.Release|x86.Build.0 = Release|x86
		{90433045-C7A0-4163-8B05-6989FDAEE95E}.Debug|Any CPU.ActiveCfg = Debug|Any CPU
		{90433045-C7A0-4163-8B05-6989FDAEE95E}.Debug|Any CPU.Build.0 = Debug|Any CPU
		{90433045-C7A0-4163-8B05-6989FDAEE95E}.Debug|Mixed Platforms.ActiveCfg = Debug|Any CPU
		{90433045-C7A0-4163-8B05-6989FDAEE95E}.Debug|Mixed Platforms.Build.0 = Debug|Any CPU
		{90433045-C7A0-4163-8B05-6989FDAEE95E}.Debug|x86.ActiveCfg = Debug|Any CPU
		{90433045-C7A0-4163-8B05-6989FDAEE95E}.Release|Any CPU.ActiveCfg = Release|Any CPU
		{90433045-C7A0-4163-8B05-6989FDAEE95E}.Release|Any CPU.Build.0 = Release|Any CPU
		{90433045-C7A0-4163-8B05-6989FDAEE95E}.Release|Mixed Platforms.ActiveCfg = Release|Any CPU
		{90433045-C7A0-4163-8B05-6989FDAEE95E}.Release|Mixed Platforms.Build.0 = Release|Any CPU
		{90433045-C7A0-4163-8B05-6989FDAEE95E}.Release|x86.ActiveCfg = Release|Any CPU
		{BBCA38EE-D7C3-4EB2-BF38-03F070B67481}.Debug|Any CPU.ActiveCfg = Debug|Any CPU
		{BBCA38EE-D7C3-4EB2-BF38-03F070B67481}.Debug|Any CPU.Build.0 = Debug|Any CPU
		{BBCA38EE-D7C3-4EB2-BF38-03F070B67481}.Debug|Mixed Platforms.ActiveCfg = Debug|Any CPU
		{BBCA38EE-D7C3-4EB2-BF38-03F070B67481}.Debug|Mixed Platforms.Build.0 = Debug|Any CPU
		{BBCA38EE-D7C3-4EB2-BF38-03F070B67481}.Debug|x86.ActiveCfg = Debug|Any CPU
		{BBCA38EE-D7C3-4EB2-BF38-03F070B67481}.Release|Any CPU.ActiveCfg = Release|Any CPU
		{BBCA38EE-D7C3-4EB2-BF38-03F070B67481}.Release|Any CPU.Build.0 = Release|Any CPU
		{BBCA38EE-D7C3-4EB2-BF38-03F070B67481}.Release|Mixed Platforms.ActiveCfg = Release|Any CPU
		{BBCA38EE-D7C3-4EB2-BF38-03F070B67481}.Release|Mixed Platforms.Build.0 = Release|Any CPU
		{BBCA38EE-D7C3-4EB2-BF38-03F070B67481}.Release|x86.ActiveCfg = Release|Any CPU
		{34649D7D-04A9-4092-AD0B-F7022C123FD7}.Debug|Any CPU.ActiveCfg = Debug|Any CPU
		{34649D7D-04A9-4092-AD0B-F7022C123FD7}.Debug|Any CPU.Build.0 = Debug|Any CPU
		{34649D7D-04A9-4092-AD0B-F7022C123FD7}.Debug|Mixed Platforms.ActiveCfg = Debug|Any CPU
		{34649D7D-04A9-4092-AD0B-F7022C123FD7}.Debug|Mixed Platforms.Build.0 = Debug|Any CPU
		{34649D7D-04A9-4092-AD0B-F7022C123FD7}.Debug|x86.ActiveCfg = Debug|Any CPU
		{34649D7D-04A9-4092-AD0B-F7022C123FD7}.Release|Any CPU.ActiveCfg = Release|Any CPU
		{34649D7D-04A9-4092-AD0B-F7022C123FD7}.Release|Any CPU.Build.0 = Release|Any CPU
		{34649D7D-04A9-4092-AD0B-F7022C123FD7}.Release|Mixed Platforms.ActiveCfg = Release|Any CPU
		{34649D7D-04A9-4092-AD0B-F7022C123FD7}.Release|Mixed Platforms.Build.0 = Release|Any CPU
		{34649D7D-04A9-4092-AD0B-F7022C123FD7}.Release|x86.ActiveCfg = Release|Any CPU
	EndGlobalSection
	GlobalSection(SolutionProperties) = preSolution
		HideSolutionNode = FALSE
	EndGlobalSection
	GlobalSection(NestedProjects) = preSolution
		{40404835-6DD7-45EA-B308-026083BF0E9F} = {4151C119-F320-4587-BD07-92B39674001D}
		{90433045-C7A0-4163-8B05-6989FDAEE95E} = {4151C119-F320-4587-BD07-92B39674001D}
		{34649D7D-04A9-4092-AD0B-F7022C123FD7} = {4151C119-F320-4587-BD07-92B39674001D}
		{BBCA38EE-D7C3-4EB2-BF38-03F070B67481} = {76D9440F-AE38-4E07-BC7C-FCF6C7A715E1}
	EndGlobalSection
EndGlobal
